
Microsoft Visual Studio Solution File, Format Version 12.00
# Visual Studio Version 16
VisualStudioVersion = 16.0.30611.23
MinimumVisualStudioVersion = 10.0.40219.1
Project("{FAE04EC0-301F-11D3-BF4B-00C04F79EFBC}") = "WeCare", "WeCare\WeCare.csproj", "{53FC924E-1F85-47E6-9117-005C1BAE6C10}"
EndProject
Global
	GlobalSection(SolutionConfigurationPlatforms) = preSolution
		Debug|Any CPU = Debug|Any CPU
		Release|Any CPU = Release|Any CPU
	EndGlobalSection
	GlobalSection(ProjectConfigurationPlatforms) = postSolution
		{53FC924E-1F85-47E6-9117-005C1BAE6C10}.Debug|Any CPU.ActiveCfg = Debug|Any CPU
		{53FC924E-1F85-47E6-9117-005C1BAE6C10}.Debug|Any CPU.Build.0 = Debug|Any CPU
		{53FC924E-1F85-47E6-9117-005C1BAE6C10}.Release|Any CPU.ActiveCfg = Release|Any CPU
		{53FC924E-1F85-47E6-9117-005C1BAE6C10}.Release|Any CPU.Build.0 = Release|Any CPU
	EndGlobalSection
	GlobalSection(SolutionProperties) = preSolution
		HideSolutionNode = FALSE
	EndGlobalSection
	GlobalSection(ExtensibilityGlobals) = postSolution
		SolutionGuid = {69014E72-C886-4637-8D61-E8F87A58D2B7}
	EndGlobalSection
	GlobalSection(TeamFoundationVersionControl) = preSolution
		SccNumberOfProjects = 2
		SccEnterpriseProvider = {4CA58AB2-18FA-4F8D-95D4-32DDF27D184C}
		SccTeamFoundationServer = https://kezden.visualstudio.com/
		SccLocalPath0 = .
		SccProjectUniqueName1 = WeCare\\WeCare.csproj
		SccProjectName1 = WeCare
		SccLocalPath1 = WeCare
	EndGlobalSection
EndGlobal
